
Microsoft Visual Studio Solution File, Format Version 12.00
# Visual Studio Version 16
VisualStudioVersion = 16.0.29409.12
MinimumVisualStudioVersion = 10.0.40219.1
Project("{9A19103F-16F7-4668-BE54-9A1E7A4F7556}") = "intra_models", "intra_models\intra_models.csproj", "{5807BFA6-766A-47C9-8F6E-28DD8EBD7F95}"
EndProject
Project("{FAE04EC0-301F-11D3-BF4B-00C04F79EFBC}") = "Gestionnaire_Clients", "Gestionnaire_Clients\Gestionnaire_Clients.csproj", "{198CBD28-6482-4DD9-B764-E6C1FA461166}"
	ProjectSection(ProjectDependencies) = postProject
		{5807BFA6-766A-47C9-8F6E-28DD8EBD7F95} = {5807BFA6-766A-47C9-8F6E-28DD8EBD7F95}
	EndProjectSection
EndProject
Global
	GlobalSection(SolutionConfigurationPlatforms) = preSolution
		Debug|Any CPU = Debug|Any CPU
		Release|Any CPU = Release|Any CPU
	EndGlobalSection
	GlobalSection(ProjectConfigurationPlatforms) = postSolution
		{5807BFA6-766A-47C9-8F6E-28DD8EBD7F95}.Debug|Any CPU.ActiveCfg = Debug|Any CPU
		{5807BFA6-766A-47C9-8F6E-28DD8EBD7F95}.Debug|Any CPU.Build.0 = Debug|Any CPU
		{5807BFA6-766A-47C9-8F6E-28DD8EBD7F95}.Release|Any CPU.ActiveCfg = Release|Any CPU
		{5807BFA6-766A-47C9-8F6E-28DD8EBD7F95}.Release|Any CPU.Build.0 = Release|Any CPU
		{198CBD28-6482-4DD9-B764-E6C1FA461166}.Debug|Any CPU.ActiveCfg = Debug|Any CPU
		{198CBD28-6482-4DD9-B764-E6C1FA461166}.Debug|Any CPU.Build.0 = Debug|Any CPU
		{198CBD28-6482-4DD9-B764-E6C1FA461166}.Release|Any CPU.ActiveCfg = Release|Any CPU
		{198CBD28-6482-4DD9-B764-E6C1FA461166}.Release|Any CPU.Build.0 = Release|Any CPU
	EndGlobalSection
	GlobalSection(SolutionProperties) = preSolution
		HideSolutionNode = FALSE
	EndGlobalSection
	GlobalSection(ExtensibilityGlobals) = postSolution
		SolutionGuid = {D2395AA9-A64B-4D1D-92CC-3EC3E54F1C76}
	EndGlobalSection
EndGlobal
